
Microsoft Visual Studio Solution File, Format Version 12.00
# Visual Studio Version 17
VisualStudioVersion = 17.9.34701.34
MinimumVisualStudioVersion = 10.0.40219.1
Project("{FAE04EC0-301F-11D3-BF4B-00C04F79EFBC}") = "up", "up\up.csproj", "{AEF81354-5620-4A88-B046-B099C23B7935}"
EndProject
Project("{FAE04EC0-301F-11D3-BF4B-00C04F79EFBC}") = "WSUniversalLib", "WSUniversalLib\WSUniversalLib.csproj", "{C6C438E5-C452-498D-96D2-038897E1327F}"
EndProject
Project("{FAE04EC0-301F-11D3-BF4B-00C04F79EFBC}") = "Tests", "Tests\Tests.csproj", "{17CC57EB-010D-46DE-B8EB-07F6FA78D417}"
EndProject
Global
	GlobalSection(SolutionConfigurationPlatforms) = preSolution
		Debug|Any CPU = Debug|Any CPU
		Release|Any CPU = Release|Any CPU
	EndGlobalSection
	GlobalSection(ProjectConfigurationPlatforms) = postSolution
		{AEF81354-5620-4A88-B046-B099C23B7935}.Debug|Any CPU.ActiveCfg = Debug|Any CPU
		{AEF81354-5620-4A88-B046-B099C23B7935}.Debug|Any CPU.Build.0 = Debug|Any CPU
		{AEF81354-5620-4A88-B046-B099C23B7935}.Release|Any CPU.ActiveCfg = Release|Any CPU
		{AEF81354-5620-4A88-B046-B099C23B7935}.Release|Any CPU.Build.0 = Release|Any CPU
		{C6C438E5-C452-498D-96D2-038897E1327F}.Debug|Any CPU.ActiveCfg = Debug|Any CPU
		{C6C438E5-C452-498D-96D2-038897E1327F}.Debug|Any CPU.Build.0 = Debug|Any CPU
		{C6C438E5-C452-498D-96D2-038897E1327F}.Release|Any CPU.ActiveCfg = Release|Any CPU
		{C6C438E5-C452-498D-96D2-038897E1327F}.Release|Any CPU.Build.0 = Release|Any CPU
		{17CC57EB-010D-46DE-B8EB-07F6FA78D417}.Debug|Any CPU.ActiveCfg = Debug|Any CPU
		{17CC57EB-010D-46DE-B8EB-07F6FA78D417}.Debug|Any CPU.Build.0 = Debug|Any CPU
		{17CC57EB-010D-46DE-B8EB-07F6FA78D417}.Release|Any CPU.ActiveCfg = Release|Any CPU
		{17CC57EB-010D-46DE-B8EB-07F6FA78D417}.Release|Any CPU.Build.0 = Release|Any CPU
	EndGlobalSection
	GlobalSection(SolutionProperties) = preSolution
		HideSolutionNode = FALSE
	EndGlobalSection
	GlobalSection(ExtensibilityGlobals) = postSolution
		SolutionGuid = {F4A8A2E5-F13F-42CD-92ED-11F9A24ED4C7}
	EndGlobalSection
EndGlobal
